
Microsoft Visual Studio Solution File, Format Version 12.00
# Visual Studio Version 17
VisualStudioVersion = 17.5.33516.290
MinimumVisualStudioVersion = 10.0.40219.1
Project("{FAE04EC0-301F-11D3-BF4B-00C04F79EFBC}") = "Programming Data", "Programming Data.csproj", "{9B2B3430-4D2B-4A75-853B-37F0C9B7FBBC}"
EndProject
Global
	GlobalSection(SolutionConfigurationPlatforms) = preSolution
		Debug|Any CPU = Debug|Any CPU
		Release|Any CPU = Release|Any CPU
	EndGlobalSection
	GlobalSection(ProjectConfigurationPlatforms) = postSolution
		{9B2B3430-4D2B-4A75-853B-37F0C9B7FBBC}.Debug|Any CPU.ActiveCfg = Debug|Any CPU
		{9B2B3430-4D2B-4A75-853B-37F0C9B7FBBC}.Debug|Any CPU.Build.0 = Debug|Any CPU
		{9B2B3430-4D2B-4A75-853B-37F0C9B7FBBC}.Release|Any CPU.ActiveCfg = Release|Any CPU
		{9B2B3430-4D2B-4A75-853B-37F0C9B7FBBC}.Release|Any CPU.Build.0 = Release|Any CPU
	EndGlobalSection
	GlobalSection(SolutionProperties) = preSolution
		HideSolutionNode = FALSE
	EndGlobalSection
	GlobalSection(ExtensibilityGlobals) = postSolution
		SolutionGuid = {E3633CE6-BF48-4C8A-A3EF-734B6E36271E}
	EndGlobalSection
EndGlobal
